
Microsoft Visual Studio Solution File, Format Version 12.00
# Visual Studio Version 16
VisualStudioVersion = 16.0.30011.22
MinimumVisualStudioVersion = 10.0.40219.1
Project("{FAE04EC0-301F-11D3-BF4B-00C04F79EFBC}") = "Tas1_2", "Tas1_2\Tas1_2.csproj", "{612FF55A-D5CC-45FB-BF3C-A5D93348EE41}"
EndProject
Global
	GlobalSection(SolutionConfigurationPlatforms) = preSolution
		Debug|Any CPU = Debug|Any CPU
		Release|Any CPU = Release|Any CPU
	EndGlobalSection
	GlobalSection(ProjectConfigurationPlatforms) = postSolution
		{612FF55A-D5CC-45FB-BF3C-A5D93348EE41}.Debug|Any CPU.ActiveCfg = Debug|Any CPU
		{612FF55A-D5CC-45FB-BF3C-A5D93348EE41}.Debug|Any CPU.Build.0 = Debug|Any CPU
		{612FF55A-D5CC-45FB-BF3C-A5D93348EE41}.Release|Any CPU.ActiveCfg = Release|Any CPU
		{612FF55A-D5CC-45FB-BF3C-A5D93348EE41}.Release|Any CPU.Build.0 = Release|Any CPU
	EndGlobalSection
	GlobalSection(SolutionProperties) = preSolution
		HideSolutionNode = FALSE
	EndGlobalSection
	GlobalSection(ExtensibilityGlobals) = postSolution
		SolutionGuid = {EC94EF4B-A175-49C7-B632-E569D340E52F}
	EndGlobalSection
EndGlobal
